
Microsoft Visual Studio Solution File, Format Version 12.00
# Visual Studio 15
Project("{FAE04EC0-301F-11D3-BF4B-00C04F79EFBC}") = "Assembly-CSharp", "Assembly-CSharp.csproj", "{2719B89E-7797-669C-FCBE-73A2166D34F2}"
EndProject
Project("{FAE04EC0-301F-11D3-BF4B-00C04F79EFBC}") = "Assembly-CSharp-Editor", "Assembly-CSharp-Editor.csproj", "{9534E76B-89BD-622B-D06F-D389939E5E01}"
EndProject
Global
	GlobalSection(SolutionConfigurationPlatforms) = preSolution
		Debug|Any CPU = Debug|Any CPU
		Release|Any CPU = Release|Any CPU
	EndGlobalSection
	GlobalSection(ProjectConfigurationPlatforms) = postSolution
		{2719B89E-7797-669C-FCBE-73A2166D34F2}.Debug|Any CPU.ActiveCfg = Debug|Any CPU
		{2719B89E-7797-669C-FCBE-73A2166D34F2}.Debug|Any CPU.Build.0 = Debug|Any CPU
		{2719B89E-7797-669C-FCBE-73A2166D34F2}.Release|Any CPU.ActiveCfg = Release|Any CPU
		{2719B89E-7797-669C-FCBE-73A2166D34F2}.Release|Any CPU.Build.0 = Release|Any CPU
		{9534E76B-89BD-622B-D06F-D389939E5E01}.Debug|Any CPU.ActiveCfg = Debug|Any CPU
		{9534E76B-89BD-622B-D06F-D389939E5E01}.Debug|Any CPU.Build.0 = Debug|Any CPU
		{9534E76B-89BD-622B-D06F-D389939E5E01}.Release|Any CPU.ActiveCfg = Release|Any CPU
		{9534E76B-89BD-622B-D06F-D389939E5E01}.Release|Any CPU.Build.0 = Release|Any CPU
	EndGlobalSection
	GlobalSection(SolutionProperties) = preSolution
		HideSolutionNode = FALSE
	EndGlobalSection
EndGlobal
